{
 "profile_host": "[settings]\narch=x86_64\narch_build=x86_64\nbuild_type=Release\ncompiler=gcc\ncompiler.libcxx=libstdc++11\ncompiler.version=8\nos=Linux\nos_build=Linux\n[options]\n[build_requires]\n[env]\n",
 "graph_lock": {
  "nodes": {
   "0": {
    "pref": null,
    "options": "openblas:build_lapack=False\nopenblas:dynamic_arch=False\nopenblas:fPIC=True\nopenblas:shared=False\nopenblas:use_thread=True",
    "requires": [
     "1"
    ],
    "path": "/home/janos/phasefields/math/conanfile.txt"
   },
   "1": {
    "pref": "openblas/0.3.9#0:141e6f5bf5b83e010f9dc6c2cce61203915d16ec#0",
    "options": "build_lapack=False\ndynamic_arch=False\nfPIC=True\nshared=False\nuse_thread=True"
   }
  }
 },
 "version": "0.3"
}